// !$*UTF8*$!
{
	archiveVersion = 1;
	classes = {
	};
	objectVersion = 46;
	objects = {

/* Begin PBXBuildFile section */
		4609DFE11904BC16001D1CA2 /* y.tab.h in Headers */ = {isa = PBXBuildFile; fileRef = 4609DFB61904BC16001D1CA2 /* y.tab.h */; };
		4609DFE21904BC16001D1CA2 /* utility.h in Headers */ = {isa = PBXBuildFile; fileRef = 4609DFB71904BC16001D1CA2 /* utility.h */; };
		4609DFE31904BC16001D1CA2 /* scanner.l in Sources */ = {isa = PBXBuildFile; fileRef = 4609DFB81904BC16001D1CA2 /* scanner.l */; };
		4609DFE41904BC16001D1CA2 /* scanner.h in Headers */ = {isa = PBXBuildFile; fileRef = 4609DFB91904BC16001D1CA2 /* scanner.h */; };
		4609DFE51904BC16001D1CA2 /* parser.y in Sources */ = {isa = PBXBuildFile; fileRef = 4609DFBA1904BC16001D1CA2 /* parser.y */; };
		4609DFE61904BC16001D1CA2 /* parser.h in Headers */ = {isa = PBXBuildFile; fileRef = 4609DFBB1904BC16001D1CA2 /* parser.h */; };
		4609DFE71904BC16001D1CA2 /* parser_original.y in Sources */ = {isa = PBXBuildFile; fileRef = 4609DFBC1904BC16001D1CA2 /* parser_original.y */; };
		4609DFE81904BC16001D1CA2 /* location.h in Headers */ = {isa = PBXBuildFile; fileRef = 4609DFBD1904BC16001D1CA2 /* location.h */; };
		4609DFE91904BC16001D1CA2 /* list.h in Headers */ = {isa = PBXBuildFile; fileRef = 4609DFBE1904BC16001D1CA2 /* list.h */; };
		4609DFEA1904BC16001D1CA2 /* hashtable.h in Headers */ = {isa = PBXBuildFile; fileRef = 4609DFBF1904BC16001D1CA2 /* hashtable.h */; };
		4609DFEB1904BC16001D1CA2 /* errors.h in Headers */ = {isa = PBXBuildFile; fileRef = 4609DFC01904BC16001D1CA2 /* errors.h */; };
		4609DFEC1904BC16001D1CA2 /* ast.h in Headers */ = {isa = PBXBuildFile; fileRef = 4609DFC11904BC16001D1CA2 /* ast.h */; };
		4609DFED1904BC16001D1CA2 /* ast_type.h in Headers */ = {isa = PBXBuildFile; fileRef = 4609DFC21904BC16001D1CA2 /* ast_type.h */; };
		4609DFEE1904BC16001D1CA2 /* ast_stmt.h in Headers */ = {isa = PBXBuildFile; fileRef = 4609DFC31904BC16001D1CA2 /* ast_stmt.h */; };
		4609DFEF1904BC16001D1CA2 /* ast_expr.h in Headers */ = {isa = PBXBuildFile; fileRef = 4609DFC41904BC16001D1CA2 /* ast_expr.h */; };
		4609DFF01904BC16001D1CA2 /* ast_decl.h in Headers */ = {isa = PBXBuildFile; fileRef = 4609DFC51904BC16001D1CA2 /* ast_decl.h */; };
		4609DFF11904BC16001D1CA2 /* Makefile in Sources */ = {isa = PBXBuildFile; fileRef = 4609DFC61904BC16001D1CA2 /* Makefile */; };
		4609DFF21904BC16001D1CA2 /* y.tab.o in Frameworks */ = {isa = PBXBuildFile; fileRef = 4609DFC81904BC16001D1CA2 /* y.tab.o */; };
		4609DFF31904BC16001D1CA2 /* utility.o in Frameworks */ = {isa = PBXBuildFile; fileRef = 4609DFC91904BC16001D1CA2 /* utility.o */; };
		4609DFF41904BC16001D1CA2 /* main.o in Frameworks */ = {isa = PBXBuildFile; fileRef = 4609DFCA1904BC16001D1CA2 /* main.o */; };
		4609DFF51904BC16001D1CA2 /* lex.yy.o in Frameworks */ = {isa = PBXBuildFile; fileRef = 4609DFCB1904BC16001D1CA2 /* lex.yy.o */; };
		4609DFF61904BC16001D1CA2 /* errors.o in Frameworks */ = {isa = PBXBuildFile; fileRef = 4609DFCC1904BC16001D1CA2 /* errors.o */; };
		4609DFF71904BC16001D1CA2 /* ast.o in Frameworks */ = {isa = PBXBuildFile; fileRef = 4609DFCD1904BC16001D1CA2 /* ast.o */; };
		4609DFF81904BC16001D1CA2 /* ast_type.o in Frameworks */ = {isa = PBXBuildFile; fileRef = 4609DFCE1904BC16001D1CA2 /* ast_type.o */; };
		4609DFF91904BC16001D1CA2 /* ast_stmt.o in Frameworks */ = {isa = PBXBuildFile; fileRef = 4609DFCF1904BC16001D1CA2 /* ast_stmt.o */; };
		4609DFFA1904BC16001D1CA2 /* ast_expr.o in Frameworks */ = {isa = PBXBuildFile; fileRef = 4609DFD01904BC16001D1CA2 /* ast_expr.o */; };
		4609DFFB1904BC16001D1CA2 /* ast_decl.o in Frameworks */ = {isa = PBXBuildFile; fileRef = 4609DFD11904BC16001D1CA2 /* ast_decl.o */; };
		4609DFFC1904BC16001D1CA2 /* y.tab.c in Sources */ = {isa = PBXBuildFile; fileRef = 4609DFD21904BC16001D1CA2 /* y.tab.c */; };
		4609DFFD1904BC16001D1CA2 /* utility.cc in Sources */ = {isa = PBXBuildFile; fileRef = 4609DFD31904BC16001D1CA2 /* utility.cc */; };
		4609DFFE1904BC16001D1CA2 /* main.cc in Sources */ = {isa = PBXBuildFile; fileRef = 4609DFD81904BC16001D1CA2 /* main.cc */; };
		4609DFFF1904BC16001D1CA2 /* lex.yy.c in Sources */ = {isa = PBXBuildFile; fileRef = 4609DFD91904BC16001D1CA2 /* lex.yy.c */; };
		4609E0001904BC16001D1CA2 /* hashtable.cc in Sources */ = {isa = PBXBuildFile; fileRef = 4609DFDA1904BC16001D1CA2 /* hashtable.cc */; };
		4609E0011904BC16001D1CA2 /* errors.cc in Sources */ = {isa = PBXBuildFile; fileRef = 4609DFDB1904BC16001D1CA2 /* errors.cc */; };
		4609E0021904BC16001D1CA2 /* ast.cc in Sources */ = {isa = PBXBuildFile; fileRef = 4609DFDC1904BC16001D1CA2 /* ast.cc */; };
		4609E0031904BC16001D1CA2 /* ast_type.cc in Sources */ = {isa = PBXBuildFile; fileRef = 4609DFDD1904BC16001D1CA2 /* ast_type.cc */; };
		4609E0041904BC16001D1CA2 /* ast_stmt.cc in Sources */ = {isa = PBXBuildFile; fileRef = 4609DFDE1904BC16001D1CA2 /* ast_stmt.cc */; };
		4609E0051904BC16001D1CA2 /* ast_expr.cc in Sources */ = {isa = PBXBuildFile; fileRef = 4609DFDF1904BC16001D1CA2 /* ast_expr.cc */; };
		4609E0061904BC16001D1CA2 /* ast_decl.cc in Sources */ = {isa = PBXBuildFile; fileRef = 4609DFE01904BC16001D1CA2 /* ast_decl.cc */; };
/* End PBXBuildFile section */

/* Begin PBXFileReference section */
		4609DFAA1904BC07001D1CA2 /* libpp3_proyect.dylib */ = {isa = PBXFileReference; explicitFileType = "compiled.mach-o.dylib"; includeInIndex = 0; path = libpp3_proyect.dylib; sourceTree = BUILT_PRODUCTS_DIR; };
		4609DFB11904BC16001D1CA2 /* y.output */ = {isa = PBXFileReference; fileEncoding = 4; lastKnownFileType = text; name = y.output; path = ../y.output; sourceTree = "<group>"; };
		4609DFB21904BC16001D1CA2 /* samples_old */ = {isa = PBXFileReference; lastKnownFileType = folder; name = samples_old; path = ../samples_old; sourceTree = "<group>"; };
		4609DFB31904BC16001D1CA2 /* samples */ = {isa = PBXFileReference; lastKnownFileType = folder; name = samples; path = ../samples; sourceTree = "<group>"; };
		4609DFB41904BC16001D1CA2 /* pp3_proyect */ = {isa = PBXFileReference; lastKnownFileType = folder; name = pp3_proyect; sourceTree = "<group>"; };
		4609DFB51904BC16001D1CA2 /* Makefile.bak */ = {isa = PBXFileReference; fileEncoding = 4; lastKnownFileType = text; name = Makefile.bak; path = ../Makefile.bak; sourceTree = "<group>"; };
		4609DFB61904BC16001D1CA2 /* y.tab.h */ = {isa = PBXFileReference; fileEncoding = 4; lastKnownFileType = sourcecode.c.h; name = y.tab.h; path = ../y.tab.h; sourceTree = "<group>"; };
		4609DFB71904BC16001D1CA2 /* utility.h */ = {isa = PBXFileReference; fileEncoding = 4; lastKnownFileType = sourcecode.c.h; name = utility.h; path = ../utility.h; sourceTree = "<group>"; };
		4609DFB81904BC16001D1CA2 /* scanner.l */ = {isa = PBXFileReference; fileEncoding = 4; lastKnownFileType = sourcecode.lex; name = scanner.l; path = ../scanner.l; sourceTree = "<group>"; };
		4609DFB91904BC16001D1CA2 /* scanner.h */ = {isa = PBXFileReference; fileEncoding = 4; lastKnownFileType = sourcecode.c.h; name = scanner.h; path = ../scanner.h; sourceTree = "<group>"; };
		4609DFBA1904BC16001D1CA2 /* parser.y */ = {isa = PBXFileReference; fileEncoding = 4; lastKnownFileType = sourcecode.yacc; name = parser.y; path = ../parser.y; sourceTree = "<group>"; };
		4609DFBB1904BC16001D1CA2 /* parser.h */ = {isa = PBXFileReference; fileEncoding = 4; lastKnownFileType = sourcecode.c.h; name = parser.h; path = ../parser.h; sourceTree = "<group>"; };
		4609DFBC1904BC16001D1CA2 /* parser_original.y */ = {isa = PBXFileReference; fileEncoding = 4; lastKnownFileType = sourcecode.yacc; name = parser_original.y; path = ../parser_original.y; sourceTree = "<group>"; };
		4609DFBD1904BC16001D1CA2 /* location.h */ = {isa = PBXFileReference; fileEncoding = 4; lastKnownFileType = sourcecode.c.h; name = location.h; path = ../location.h; sourceTree = "<group>"; };
		4609DFBE1904BC16001D1CA2 /* list.h */ = {isa = PBXFileReference; fileEncoding = 4; lastKnownFileType = sourcecode.c.h; name = list.h; path = ../list.h; sourceTree = "<group>"; };
		4609DFBF1904BC16001D1CA2 /* hashtable.h */ = {isa = PBXFileReference; fileEncoding = 4; lastKnownFileType = sourcecode.c.h; name = hashtable.h; path = ../hashtable.h; sourceTree = "<group>"; };
		4609DFC01904BC16001D1CA2 /* errors.h */ = {isa = PBXFileReference; fileEncoding = 4; lastKnownFileType = sourcecode.c.h; name = errors.h; path = ../errors.h; sourceTree = "<group>"; };
		4609DFC11904BC16001D1CA2 /* ast.h */ = {isa = PBXFileReference; fileEncoding = 4; lastKnownFileType = sourcecode.c.h; name = ast.h; path = ../ast.h; sourceTree = "<group>"; };
		4609DFC21904BC16001D1CA2 /* ast_type.h */ = {isa = PBXFileReference; fileEncoding = 4; lastKnownFileType = sourcecode.c.h; name = ast_type.h; path = ../ast_type.h; sourceTree = "<group>"; };
		4609DFC31904BC16001D1CA2 /* ast_stmt.h */ = {isa = PBXFileReference; fileEncoding = 4; lastKnownFileType = sourcecode.c.h; name = ast_stmt.h; path = ../ast_stmt.h; sourceTree = "<group>"; };
		4609DFC41904BC16001D1CA2 /* ast_expr.h */ = {isa = PBXFileReference; fileEncoding = 4; lastKnownFileType = sourcecode.c.h; name = ast_expr.h; path = ../ast_expr.h; sourceTree = "<group>"; };
		4609DFC51904BC16001D1CA2 /* ast_decl.h */ = {isa = PBXFileReference; fileEncoding = 4; lastKnownFileType = sourcecode.c.h; name = ast_decl.h; path = ../ast_decl.h; sourceTree = "<group>"; };
		4609DFC61904BC16001D1CA2 /* Makefile */ = {isa = PBXFileReference; fileEncoding = 4; lastKnownFileType = sourcecode.make; name = Makefile; path = ../Makefile; sourceTree = "<group>"; };
		4609DFC71904BC16001D1CA2 /* dcc */ = {isa = PBXFileReference; lastKnownFileType = "compiled.mach-o.executable"; name = dcc; path = ../dcc; sourceTree = "<group>"; };
		4609DFC81904BC16001D1CA2 /* y.tab.o */ = {isa = PBXFileReference; lastKnownFileType = "compiled.mach-o.objfile"; name = y.tab.o; path = ../y.tab.o; sourceTree = "<group>"; };
		4609DFC91904BC16001D1CA2 /* utility.o */ = {isa = PBXFileReference; lastKnownFileType = "compiled.mach-o.objfile"; name = utility.o; path = ../utility.o; sourceTree = "<group>"; };
		4609DFCA1904BC16001D1CA2 /* main.o */ = {isa = PBXFileReference; lastKnownFileType = "compiled.mach-o.objfile"; name = main.o; path = ../main.o; sourceTree = "<group>"; };
		4609DFCB1904BC16001D1CA2 /* lex.yy.o */ = {isa = PBXFileReference; lastKnownFileType = "compiled.mach-o.objfile"; name = lex.yy.o; path = ../lex.yy.o; sourceTree = "<group>"; };
		4609DFCC1904BC16001D1CA2 /* errors.o */ = {isa = PBXFileReference; lastKnownFileType = "compiled.mach-o.objfile"; name = errors.o; path = ../errors.o; sourceTree = "<group>"; };
		4609DFCD1904BC16001D1CA2 /* ast.o */ = {isa = PBXFileReference; lastKnownFileType = "compiled.mach-o.objfile"; name = ast.o; path = ../ast.o; sourceTree = "<group>"; };
		4609DFCE1904BC16001D1CA2 /* ast_type.o */ = {isa = PBXFileReference; lastKnownFileType = "compiled.mach-o.objfile"; name = ast_type.o; path = ../ast_type.o; sourceTree = "<group>"; };
		4609DFCF1904BC16001D1CA2 /* ast_stmt.o */ = {isa = PBXFileReference; lastKnownFileType = "compiled.mach-o.objfile"; name = ast_stmt.o; path = ../ast_stmt.o; sourceTree = "<group>"; };
		4609DFD01904BC16001D1CA2 /* ast_expr.o */ = {isa = PBXFileReference; lastKnownFileType = "compiled.mach-o.objfile"; name = ast_expr.o; path = ../ast_expr.o; sourceTree = "<group>"; };
		4609DFD11904BC16001D1CA2 /* ast_decl.o */ = {isa = PBXFileReference; lastKnownFileType = "compiled.mach-o.objfile"; name = ast_decl.o; path = ../ast_decl.o; sourceTree = "<group>"; };
		4609DFD21904BC16001D1CA2 /* y.tab.c */ = {isa = PBXFileReference; fileEncoding = 4; lastKnownFileType = sourcecode.c.c; name = y.tab.c; path = ../y.tab.c; sourceTree = "<group>"; };
		4609DFD31904BC16001D1CA2 /* utility.cc */ = {isa = PBXFileReference; fileEncoding = 4; lastKnownFileType = sourcecode.cpp.cpp; name = utility.cc; path = ../utility.cc; sourceTree = "<group>"; };
		4609DFD41904BC16001D1CA2 /* Untitled.xcworkspace */ = {isa = PBXFileReference; lastKnownFileType = wrapper.workspace; name = Untitled.xcworkspace; path = ../Untitled.xcworkspace; sourceTree = "<group>"; };
		4609DFD51904BC16001D1CA2 /* test-all.sh */ = {isa = PBXFileReference; fileEncoding = 4; lastKnownFileType = text.script.sh; name = "test-all.sh"; path = "../test-all.sh"; sourceTree = "<group>"; };
		4609DFD61904BC16001D1CA2 /* test-all.py */ = {isa = PBXFileReference; fileEncoding = 4; lastKnownFileType = text.script.python; name = "test-all.py"; path = "../test-all.py"; sourceTree = "<group>"; };
		4609DFD71904BC16001D1CA2 /* pp3_ws.xcworkspace */ = {isa = PBXFileReference; lastKnownFileType = wrapper.workspace; name = pp3_ws.xcworkspace; path = ../pp3_ws.xcworkspace; sourceTree = "<group>"; };
		4609DFD81904BC16001D1CA2 /* main.cc */ = {isa = PBXFileReference; fileEncoding = 4; lastKnownFileType = sourcecode.cpp.cpp; name = main.cc; path = ../main.cc; sourceTree = "<group>"; };
		4609DFD91904BC16001D1CA2 /* lex.yy.c */ = {isa = PBXFileReference; fileEncoding = 4; lastKnownFileType = sourcecode.c.c; name = lex.yy.c; path = ../lex.yy.c; sourceTree = "<group>"; };
		4609DFDA1904BC16001D1CA2 /* hashtable.cc */ = {isa = PBXFileReference; fileEncoding = 4; lastKnownFileType = sourcecode.cpp.cpp; name = hashtable.cc; path = ../hashtable.cc; sourceTree = "<group>"; };
		4609DFDB1904BC16001D1CA2 /* errors.cc */ = {isa = PBXFileReference; fileEncoding = 4; lastKnownFileType = sourcecode.cpp.cpp; name = errors.cc; path = ../errors.cc; sourceTree = "<group>"; };
		4609DFDC1904BC16001D1CA2 /* ast.cc */ = {isa = PBXFileReference; fileEncoding = 4; lastKnownFileType = sourcecode.cpp.cpp; name = ast.cc; path = ../ast.cc; sourceTree = "<group>"; };
		4609DFDD1904BC16001D1CA2 /* ast_type.cc */ = {isa = PBXFileReference; fileEncoding = 4; lastKnownFileType = sourcecode.cpp.cpp; name = ast_type.cc; path = ../ast_type.cc; sourceTree = "<group>"; };
		4609DFDE1904BC16001D1CA2 /* ast_stmt.cc */ = {isa = PBXFileReference; fileEncoding = 4; lastKnownFileType = sourcecode.cpp.cpp; name = ast_stmt.cc; path = ../ast_stmt.cc; sourceTree = "<group>"; };
		4609DFDF1904BC16001D1CA2 /* ast_expr.cc */ = {isa = PBXFileReference; fileEncoding = 4; lastKnownFileType = sourcecode.cpp.cpp; name = ast_expr.cc; path = ../ast_expr.cc; sourceTree = "<group>"; };
		4609DFE01904BC16001D1CA2 /* ast_decl.cc */ = {isa = PBXFileReference; fileEncoding = 4; lastKnownFileType = sourcecode.cpp.cpp; name = ast_decl.cc; path = ../ast_decl.cc; sourceTree = "<group>"; };
/* End PBXFileReference section */

/* Begin PBXFrameworksBuildPhase section */
		4609DFA71904BC07001D1CA2 /* Frameworks */ = {
			isa = PBXFrameworksBuildPhase;
			buildActionMask = 2147483647;
			files = (
				4609DFF71904BC16001D1CA2 /* ast.o in Frameworks */,
				4609DFF31904BC16001D1CA2 /* utility.o in Frameworks */,
				4609DFFA1904BC16001D1CA2 /* ast_expr.o in Frameworks */,
				4609DFF21904BC16001D1CA2 /* y.tab.o in Frameworks */,
				4609DFFB1904BC16001D1CA2 /* ast_decl.o in Frameworks */,
				4609DFF51904BC16001D1CA2 /* lex.yy.o in Frameworks */,
				4609DFF61904BC16001D1CA2 /* errors.o in Frameworks */,
				4609DFF41904BC16001D1CA2 /* main.o in Frameworks */,
				4609DFF91904BC16001D1CA2 /* ast_stmt.o in Frameworks */,
				4609DFF81904BC16001D1CA2 /* ast_type.o in Frameworks */,
			);
			runOnlyForDeploymentPostprocessing = 0;
		};
/* End PBXFrameworksBuildPhase section */

/* Begin PBXGroup section */
		4609DFA11904BC07001D1CA2 = {
			isa = PBXGroup;
			children = (
				4609DFB11904BC16001D1CA2 /* y.output */,
				4609DFB21904BC16001D1CA2 /* samples_old */,
				4609DFB31904BC16001D1CA2 /* samples */,
				4609DFB41904BC16001D1CA2 /* pp3_proyect */,
				4609DFB51904BC16001D1CA2 /* Makefile.bak */,
				4609DFB61904BC16001D1CA2 /* y.tab.h */,
				4609DFB71904BC16001D1CA2 /* utility.h */,
				4609DFB81904BC16001D1CA2 /* scanner.l */,
				4609DFB91904BC16001D1CA2 /* scanner.h */,
				4609DFBA1904BC16001D1CA2 /* parser.y */,
				4609DFBB1904BC16001D1CA2 /* parser.h */,
				4609DFBC1904BC16001D1CA2 /* parser_original.y */,
				4609DFBD1904BC16001D1CA2 /* location.h */,
				4609DFBE1904BC16001D1CA2 /* list.h */,
				4609DFBF1904BC16001D1CA2 /* hashtable.h */,
				4609DFC01904BC16001D1CA2 /* errors.h */,
				4609DFC11904BC16001D1CA2 /* ast.h */,
				4609DFC21904BC16001D1CA2 /* ast_type.h */,
				4609DFC31904BC16001D1CA2 /* ast_stmt.h */,
				4609DFC41904BC16001D1CA2 /* ast_expr.h */,
				4609DFC51904BC16001D1CA2 /* ast_decl.h */,
				4609DFC61904BC16001D1CA2 /* Makefile */,
				4609DFC71904BC16001D1CA2 /* dcc */,
				4609DFC81904BC16001D1CA2 /* y.tab.o */,
				4609DFC91904BC16001D1CA2 /* utility.o */,
				4609DFCA1904BC16001D1CA2 /* main.o */,
				4609DFCB1904BC16001D1CA2 /* lex.yy.o */,
				4609DFCC1904BC16001D1CA2 /* errors.o */,
				4609DFCD1904BC16001D1CA2 /* ast.o */,
				4609DFCE1904BC16001D1CA2 /* ast_type.o */,
				4609DFCF1904BC16001D1CA2 /* ast_stmt.o */,
				4609DFD01904BC16001D1CA2 /* ast_expr.o */,
				4609DFD11904BC16001D1CA2 /* ast_decl.o */,
				4609DFD21904BC16001D1CA2 /* y.tab.c */,
				4609DFD31904BC16001D1CA2 /* utility.cc */,
				4609DFD41904BC16001D1CA2 /* Untitled.xcworkspace */,
				4609DFD51904BC16001D1CA2 /* test-all.sh */,
				4609DFD61904BC16001D1CA2 /* test-all.py */,
				4609DFD71904BC16001D1CA2 /* pp3_ws.xcworkspace */,
				4609DFD81904BC16001D1CA2 /* main.cc */,
				4609DFD91904BC16001D1CA2 /* lex.yy.c */,
				4609DFDA1904BC16001D1CA2 /* hashtable.cc */,
				4609DFDB1904BC16001D1CA2 /* errors.cc */,
				4609DFDC1904BC16001D1CA2 /* ast.cc */,
				4609DFDD1904BC16001D1CA2 /* ast_type.cc */,
				4609DFDE1904BC16001D1CA2 /* ast_stmt.cc */,
				4609DFDF1904BC16001D1CA2 /* ast_expr.cc */,
				4609DFE01904BC16001D1CA2 /* ast_decl.cc */,
				4609DFAB1904BC07001D1CA2 /* Products */,
			);
			sourceTree = "<group>";
		};
		4609DFAB1904BC07001D1CA2 /* Products */ = {
			isa = PBXGroup;
			children = (
				4609DFAA1904BC07001D1CA2 /* libpp3_proyect.dylib */,
			);
			name = Products;
			sourceTree = "<group>";
		};
/* End PBXGroup section */

/* Begin PBXHeadersBuildPhase section */
		4609DFA81904BC07001D1CA2 /* Headers */ = {
			isa = PBXHeadersBuildPhase;
			buildActionMask = 2147483647;
			files = (
				4609DFEC1904BC16001D1CA2 /* ast.h in Headers */,
				4609DFF01904BC16001D1CA2 /* ast_decl.h in Headers */,
				4609DFEE1904BC16001D1CA2 /* ast_stmt.h in Headers */,
				4609DFE11904BC16001D1CA2 /* y.tab.h in Headers */,
				4609DFE41904BC16001D1CA2 /* scanner.h in Headers */,
				4609DFE21904BC16001D1CA2 /* utility.h in Headers */,
				4609DFEB1904BC16001D1CA2 /* errors.h in Headers */,
				4609DFEF1904BC16001D1CA2 /* ast_expr.h in Headers */,
				4609DFE81904BC16001D1CA2 /* location.h in Headers */,
				4609DFE91904BC16001D1CA2 /* list.h in Headers */,
				4609DFE61904BC16001D1CA2 /* parser.h in Headers */,
				4609DFEA1904BC16001D1CA2 /* hashtable.h in Headers */,
				4609DFED1904BC16001D1CA2 /* ast_type.h in Headers */,
			);
			runOnlyForDeploymentPostprocessing = 0;
		};
/* End PBXHeadersBuildPhase section */

/* Begin PBXNativeTarget section */
		4609DFA91904BC07001D1CA2 /* pp3_proyect */ = {
			isa = PBXNativeTarget;
			buildConfigurationList = 4609DFAE1904BC07001D1CA2 /* Build configuration list for PBXNativeTarget "pp3_proyect" */;
			buildPhases = (
				4609DFA61904BC07001D1CA2 /* Sources */,
				4609DFA71904BC07001D1CA2 /* Frameworks */,
				4609DFA81904BC07001D1CA2 /* Headers */,
			);
			buildRules = (
			);
			dependencies = (
			);
			name = pp3_proyect;
			productName = pp3_proyect;
			productReference = 4609DFAA1904BC07001D1CA2 /* libpp3_proyect.dylib */;
			productType = "com.apple.product-type.library.dynamic";
		};
/* End PBXNativeTarget section */

/* Begin PBXProject section */
		4609DFA21904BC07001D1CA2 /* Project object */ = {
			isa = PBXProject;
			attributes = {
				LastUpgradeCheck = 0510;
				ORGANIZATIONNAME = "___FULLUSERNAME___";
			};
			buildConfigurationList = 4609DFA51904BC07001D1CA2 /* Build configuration list for PBXProject "pp3_proyect" */;
			compatibilityVersion = "Xcode 3.2";
			developmentRegion = English;
			hasScannedForEncodings = 0;
			knownRegions = (
				en,
			);
			mainGroup = 4609DFA11904BC07001D1CA2;
			productRefGroup = 4609DFAB1904BC07001D1CA2 /* Products */;
			projectDirPath = "";
			projectRoot = "";
			targets = (
				4609DFA91904BC07001D1CA2 /* pp3_proyect */,
			);
		};
/* End PBXProject section */

/* Begin PBXSourcesBuildPhase section */
		4609DFA61904BC07001D1CA2 /* Sources */ = {
			isa = PBXSourcesBuildPhase;
			buildActionMask = 2147483647;
			files = (
				4609DFE51904BC16001D1CA2 /* parser.y in Sources */,
				4609DFE71904BC16001D1CA2 /* parser_original.y in Sources */,
				4609E0061904BC16001D1CA2 /* ast_decl.cc in Sources */,
				4609E0011904BC16001D1CA2 /* errors.cc in Sources */,
				4609E0001904BC16001D1CA2 /* hashtable.cc in Sources */,
				4609E0041904BC16001D1CA2 /* ast_stmt.cc in Sources */,
				4609E0031904BC16001D1CA2 /* ast_type.cc in Sources */,
				4609DFFF1904BC16001D1CA2 /* lex.yy.c in Sources */,
				4609E0051904BC16001D1CA2 /* ast_expr.cc in Sources */,
				4609DFF11904BC16001D1CA2 /* Makefile in Sources */,
				4609DFE31904BC16001D1CA2 /* scanner.l in Sources */,
				4609DFFD1904BC16001D1CA2 /* utility.cc in Sources */,
				4609E0021904BC16001D1CA2 /* ast.cc in Sources */,
				4609DFFE1904BC16001D1CA2 /* main.cc in Sources */,
				4609DFFC1904BC16001D1CA2 /* y.tab.c in Sources */,
			);
			runOnlyForDeploymentPostprocessing = 0;
		};
/* End PBXSourcesBuildPhase section */

/* Begin XCBuildConfiguration section */
		4609DFAC1904BC07001D1CA2 /* Debug */ = {
			isa = XCBuildConfiguration;
			buildSettings = {
				ALWAYS_SEARCH_USER_PATHS = NO;
				CLANG_CXX_LANGUAGE_STANDARD = "gnu++0x";
				CLANG_CXX_LIBRARY = "libc++";
				CLANG_ENABLE_MODULES = YES;
				CLANG_ENABLE_OBJC_ARC = YES;
				CLANG_WARN_BOOL_CONVERSION = YES;
				CLANG_WARN_CONSTANT_CONVERSION = YES;
				CLANG_WARN_DIRECT_OBJC_ISA_USAGE = YES_ERROR;
				CLANG_WARN_EMPTY_BODY = YES;
				CLANG_WARN_ENUM_CONVERSION = YES;
				CLANG_WARN_INT_CONVERSION = YES;
				CLANG_WARN_OBJC_ROOT_CLASS = YES_ERROR;
				CLANG_WARN__DUPLICATE_METHOD_MATCH = YES;
				COPY_PHASE_STRIP = NO;
				GCC_C_LANGUAGE_STANDARD = gnu99;
				GCC_DYNAMIC_NO_PIC = NO;
				GCC_ENABLE_OBJC_EXCEPTIONS = YES;
				GCC_OPTIMIZATION_LEVEL = 0;
				GCC_PREPROCESSOR_DEFINITIONS = (
					"DEBUG=1",
					"$(inherited)",
				);
				GCC_SYMBOLS_PRIVATE_EXTERN = NO;
				GCC_WARN_64_TO_32_BIT_CONVERSION = YES;
				GCC_WARN_ABOUT_RETURN_TYPE = YES_ERROR;
				GCC_WARN_UNDECLARED_SELECTOR = YES;
				GCC_WARN_UNINITIALIZED_AUTOS = YES_AGGRESSIVE;
				GCC_WARN_UNUSED_FUNCTION = YES;
				GCC_WARN_UNUSED_VARIABLE = YES;
				MACOSX_DEPLOYMENT_TARGET = 10.9;
				ONLY_ACTIVE_ARCH = YES;
				SDKROOT = macosx;
			};
			name = Debug;
		};
		4609DFAD1904BC07001D1CA2 /* Release */ = {
			isa = XCBuildConfiguration;
			buildSettings = {
				ALWAYS_SEARCH_USER_PATHS = NO;
				CLANG_CXX_LANGUAGE_STANDARD = "gnu++0x";
				CLANG_CXX_LIBRARY = "libc++";
				CLANG_ENABLE_MODULES = YES;
				CLANG_ENABLE_OBJC_ARC = YES;
				CLANG_WARN_BOOL_CONVERSION = YES;
				CLANG_WARN_CONSTANT_CONVERSION = YES;
				CLANG_WARN_DIRECT_OBJC_ISA_USAGE = YES_ERROR;
				CLANG_WARN_EMPTY_BODY = YES;
				CLANG_WARN_ENUM_CONVERSION = YES;
				CLANG_WARN_INT_CONVERSION = YES;
				CLANG_WARN_OBJC_ROOT_CLASS = YES_ERROR;
				CLANG_WARN__DUPLICATE_METHOD_MATCH = YES;
				COPY_PHASE_STRIP = YES;
				DEBUG_INFORMATION_FORMAT = "dwarf-with-dsym";
				ENABLE_NS_ASSERTIONS = NO;
				GCC_C_LANGUAGE_STANDARD = gnu99;
				GCC_ENABLE_OBJC_EXCEPTIONS = YES;
				GCC_WARN_64_TO_32_BIT_CONVERSION = YES;
				GCC_WARN_ABOUT_RETURN_TYPE = YES_ERROR;
				GCC_WARN_UNDECLARED_SELECTOR = YES;
				GCC_WARN_UNINITIALIZED_AUTOS = YES_AGGRESSIVE;
				GCC_WARN_UNUSED_FUNCTION = YES;
				GCC_WARN_UNUSED_VARIABLE = YES;
				MACOSX_DEPLOYMENT_TARGET = 10.9;
				SDKROOT = macosx;
			};
			name = Release;
		};
		4609DFAF1904BC07001D1CA2 /* Debug */ = {
			isa = XCBuildConfiguration;
			buildSettings = {
				EXECUTABLE_PREFIX = lib;
				PRODUCT_NAME = "$(TARGET_NAME)";
			};
			name = Debug;
		};
		4609DFB01904BC07001D1CA2 /* Release */ = {
			isa = XCBuildConfiguration;
			buildSettings = {
				EXECUTABLE_PREFIX = lib;
				PRODUCT_NAME = "$(TARGET_NAME)";
			};
			name = Release;
		};
/* End XCBuildConfiguration section */

/* Begin XCConfigurationList section */
		4609DFA51904BC07001D1CA2 /* Build configuration list for PBXProject "pp3_proyect" */ = {
			isa = XCConfigurationList;
			buildConfigurations = (
				4609DFAC1904BC07001D1CA2 /* Debug */,
				4609DFAD1904BC07001D1CA2 /* Release */,
			);
			defaultConfigurationIsVisible = 0;
			defaultConfigurationName = Release;
		};
		4609DFAE1904BC07001D1CA2 /* Build configuration list for PBXNativeTarget "pp3_proyect" */ = {
			isa = XCConfigurationList;
			buildConfigurations = (
				4609DFAF1904BC07001D1CA2 /* Debug */,
				4609DFB01904BC07001D1CA2 /* Release */,
			);
			defaultConfigurationIsVisible = 0;
		};
/* End XCConfigurationList section */
	};
	rootObject = 4609DFA21904BC07001D1CA2 /* Project object */;
}
